// !$*UTF8*$!
{
	archiveVersion = 1;
	classes = {
	};
	objectVersion = 50;
	objects = {

/* Begin PBXBuildFile section */
		59B3D084242B39F900556132 /* AppDelegate.swift in Sources */ = {isa = PBXBuildFile; fileRef = 59B3D083242B39F900556132 /* AppDelegate.swift */; };
		59B3D086242B39F900556132 /* ViewController.swift in Sources */ = {isa = PBXBuildFile; fileRef = 59B3D085242B39F900556132 /* ViewController.swift */; };
		59B3D089242B39F900556132 /* Main.storyboard in Resources */ = {isa = PBXBuildFile; fileRef = 59B3D087242B39F900556132 /* Main.storyboard */; };
		59B3D08B242B39FB00556132 /* Assets.xcassets in Resources */ = {isa = PBXBuildFile; fileRef = 59B3D08A242B39FB00556132 /* Assets.xcassets */; };
		59B3D08E242B39FB00556132 /* LaunchScreen.storyboard in Resources */ = {isa = PBXBuildFile; fileRef = 59B3D08C242B39FB00556132 /* LaunchScreen.storyboard */; };
		59B3D096242B696A00556132 /* NetworkManager.swift in Sources */ = {isa = PBXBuildFile; fileRef = 59B3D095242B696A00556132 /* NetworkManager.swift */; };
		59B3D098242BCAE700556132 /* ItemModel.swift in Sources */ = {isa = PBXBuildFile; fileRef = 59B3D097242BCAE700556132 /* ItemModel.swift */; };
		59B3D09B242BED9800556132 /* ViewController+TableViewDatasource.swift in Sources */ = {isa = PBXBuildFile; fileRef = 59B3D09A242BED9800556132 /* ViewController+TableViewDatasource.swift */; };
		59B3D09D242C034200556132 /* ViewController+TableViewDelegate.swift in Sources */ = {isa = PBXBuildFile; fileRef = 59B3D09C242C034200556132 /* ViewController+TableViewDelegate.swift */; };
		59B3D0A0242C08AA00556132 /* WebViewController.swift in Sources */ = {isa = PBXBuildFile; fileRef = 59B3D09F242C08AA00556132 /* WebViewController.swift */; };
		59B3D0A3242C0C0600556132 /* WebKit.framework in Frameworks */ = {isa = PBXBuildFile; fileRef = 59B3D0A2242C0C0600556132 /* WebKit.framework */; };
/* End PBXBuildFile section */

/* Begin PBXFileReference section */
		59B3D080242B39F900556132 /* HackerNews.app */ = {isa = PBXFileReference; explicitFileType = wrapper.application; includeInIndex = 0; path = HackerNews.app; sourceTree = BUILT_PRODUCTS_DIR; };
		59B3D083242B39F900556132 /* AppDelegate.swift */ = {isa = PBXFileReference; lastKnownFileType = sourcecode.swift; path = AppDelegate.swift; sourceTree = "<group>"; };
		59B3D085242B39F900556132 /* ViewController.swift */ = {isa = PBXFileReference; lastKnownFileType = sourcecode.swift; path = ViewController.swift; sourceTree = "<group>"; };
		59B3D088242B39F900556132 /* Base */ = {isa = PBXFileReference; lastKnownFileType = file.storyboard; name = Base; path = Base.lproj/Main.storyboard; sourceTree = "<group>"; };
		59B3D08A242B39FB00556132 /* Assets.xcassets */ = {isa = PBXFileReference; lastKnownFileType = folder.assetcatalog; path = Assets.xcassets; sourceTree = "<group>"; };
		59B3D08D242B39FB00556132 /* Base */ = {isa = PBXFileReference; lastKnownFileType = file.storyboard; name = Base; path = Base.lproj/LaunchScreen.storyboard; sourceTree = "<group>"; };
		59B3D08F242B39FB00556132 /* Info.plist */ = {isa = PBXFileReference; lastKnownFileType = text.plist.xml; path = Info.plist; sourceTree = "<group>"; };
		59B3D095242B696A00556132 /* NetworkManager.swift */ = {isa = PBXFileReference; lastKnownFileType = sourcecode.swift; path = NetworkManager.swift; sourceTree = "<group>"; };
		59B3D097242BCAE700556132 /* ItemModel.swift */ = {isa = PBXFileReference; lastKnownFileType = sourcecode.swift; path = ItemModel.swift; sourceTree = "<group>"; };
		59B3D09A242BED9800556132 /* ViewController+TableViewDatasource.swift */ = {isa = PBXFileReference; lastKnownFileType = sourcecode.swift; path = "ViewController+TableViewDatasource.swift"; sourceTree = "<group>"; };
		59B3D09C242C034200556132 /* ViewController+TableViewDelegate.swift */ = {isa = PBXFileReference; lastKnownFileType = sourcecode.swift; path = "ViewController+TableViewDelegate.swift"; sourceTree = "<group>"; };
		59B3D09F242C08AA00556132 /* WebViewController.swift */ = {isa = PBXFileReference; lastKnownFileType = sourcecode.swift; path = WebViewController.swift; sourceTree = "<group>"; };
		59B3D0A2242C0C0600556132 /* WebKit.framework */ = {isa = PBXFileReference; lastKnownFileType = wrapper.framework; name = WebKit.framework; path = System/Library/Frameworks/WebKit.framework; sourceTree = SDKROOT; };
/* End PBXFileReference section */

/* Begin PBXFrameworksBuildPhase section */
		59B3D07D242B39F900556132 /* Frameworks */ = {
			isa = PBXFrameworksBuildPhase;
			buildActionMask = 2147483647;
			files = (
				59B3D0A3242C0C0600556132 /* WebKit.framework in Frameworks */,
			);
			runOnlyForDeploymentPostprocessing = 0;
		};
/* End PBXFrameworksBuildPhase section */

/* Begin PBXGroup section */
		59B3D077242B39F900556132 = {
			isa = PBXGroup;
			children = (
				59B3D082242B39F900556132 /* HackerNews */,
				59B3D081242B39F900556132 /* Products */,
				59B3D0A1242C0C0600556132 /* Frameworks */,
			);
			sourceTree = "<group>";
		};
		59B3D081242B39F900556132 /* Products */ = {
			isa = PBXGroup;
			children = (
				59B3D080242B39F900556132 /* HackerNews.app */,
			);
			name = Products;
			sourceTree = "<group>";
		};
		59B3D082242B39F900556132 /* HackerNews */ = {
			isa = PBXGroup;
			children = (
				59B3D09E242C07D500556132 /* WebViewController */,
				59B3D099242BED2B00556132 /* MainViewController */,
				59B3D083242B39F900556132 /* AppDelegate.swift */,
				59B3D087242B39F900556132 /* Main.storyboard */,
				59B3D08A242B39FB00556132 /* Assets.xcassets */,
				59B3D08C242B39FB00556132 /* LaunchScreen.storyboard */,
				59B3D08F242B39FB00556132 /* Info.plist */,
				59B3D095242B696A00556132 /* NetworkManager.swift */,
				59B3D097242BCAE700556132 /* ItemModel.swift */,
			);
			path = HackerNews;
			sourceTree = "<group>";
		};
		59B3D099242BED2B00556132 /* MainViewController */ = {
			isa = PBXGroup;
			children = (
				59B3D085242B39F900556132 /* ViewController.swift */,
				59B3D09A242BED9800556132 /* ViewController+TableViewDatasource.swift */,
				59B3D09C242C034200556132 /* ViewController+TableViewDelegate.swift */,
			);
			path = MainViewController;
			sourceTree = "<group>";
		};
		59B3D09E242C07D500556132 /* WebViewController */ = {
			isa = PBXGroup;
			children = (
				59B3D09F242C08AA00556132 /* WebViewController.swift */,
			);
			path = WebViewController;
			sourceTree = "<group>";
		};
		59B3D0A1242C0C0600556132 /* Frameworks */ = {
			isa = PBXGroup;
			children = (
				59B3D0A2242C0C0600556132 /* WebKit.framework */,
			);
			name = Frameworks;
			sourceTree = "<group>";
		};
/* End PBXGroup section */

/* Begin PBXNativeTarget section */
		59B3D07F242B39F900556132 /* HackerNews */ = {
			isa = PBXNativeTarget;
			buildConfigurationList = 59B3D092242B39FB00556132 /* Build configuration list for PBXNativeTarget "HackerNews" */;
			buildPhases = (
				59B3D07C242B39F900556132 /* Sources */,
				59B3D07D242B39F900556132 /* Frameworks */,
				59B3D07E242B39F900556132 /* Resources */,
			);
			buildRules = (
			);
			dependencies = (
			);
			name = HackerNews;
			productName = HackerNews;
			productReference = 59B3D080242B39F900556132 /* HackerNews.app */;
			productType = "com.apple.product-type.application";
		};
/* End PBXNativeTarget section */

/* Begin PBXProject section */
		59B3D078242B39F900556132 /* Project object */ = {
			isa = PBXProject;
			attributes = {
				LastSwiftUpdateCheck = 1030;
				LastUpgradeCheck = 1030;
				ORGANIZATIONNAME = "Igor Danilchenko";
				TargetAttributes = {
					59B3D07F242B39F900556132 = {
						CreatedOnToolsVersion = 10.3;
					};
				};
			};
			buildConfigurationList = 59B3D07B242B39F900556132 /* Build configuration list for PBXProject "HackerNews" */;
			compatibilityVersion = "Xcode 9.3";
			developmentRegion = en;
			hasScannedForEncodings = 0;
			knownRegions = (
				en,
				Base,
			);
			mainGroup = 59B3D077242B39F900556132;
			productRefGroup = 59B3D081242B39F900556132 /* Products */;
			projectDirPath = "";
			projectRoot = "";
			targets = (
				59B3D07F242B39F900556132 /* HackerNews */,
			);
		};
/* End PBXProject section */

/* Begin PBXResourcesBuildPhase section */
		59B3D07E242B39F900556132 /* Resources */ = {
			isa = PBXResourcesBuildPhase;
			buildActionMask = 2147483647;
			files = (
				59B3D08E242B39FB00556132 /* LaunchScreen.storyboard in Resources */,
				59B3D08B242B39FB00556132 /* Assets.xcassets in Resources */,
				59B3D089242B39F900556132 /* Main.storyboard in Resources */,
			);
			runOnlyForDeploymentPostprocessing = 0;
		};
/* End PBXResourcesBuildPhase section */

/* Begin PBXSourcesBuildPhase section */
		59B3D07C242B39F900556132 /* Sources */ = {
			isa = PBXSourcesBuildPhase;
			buildActionMask = 2147483647;
			files = (
				59B3D096242B696A00556132 /* NetworkManager.swift in Sources */,
				59B3D086242B39F900556132 /* ViewController.swift in Sources */,
				59B3D098242BCAE700556132 /* ItemModel.swift in Sources */,
				59B3D09D242C034200556132 /* ViewController+TableViewDelegate.swift in Sources */,
				59B3D0A0242C08AA00556132 /* WebViewController.swift in Sources */,
				59B3D09B242BED9800556132 /* ViewController+TableViewDatasource.swift in Sources */,
				59B3D084242B39F900556132 /* AppDelegate.swift in Sources */,
			);
			runOnlyForDeploymentPostprocessing = 0;
		};
/* End PBXSourcesBuildPhase section */

/* Begin PBXVariantGroup section */
		59B3D087242B39F900556132 /* Main.storyboard */ = {
			isa = PBXVariantGroup;
			children = (
				59B3D088242B39F900556132 /* Base */,
			);
			name = Main.storyboard;
			sourceTree = "<group>";
		};
		59B3D08C242B39FB00556132 /* LaunchScreen.storyboard */ = {
			isa = PBXVariantGroup;
			children = (
				59B3D08D242B39FB00556132 /* Base */,
			);
			name = LaunchScreen.storyboard;
			sourceTree = "<group>";
		};
/* End PBXVariantGroup section */

/* Begin XCBuildConfiguration section */
		59B3D090242B39FB00556132 /* Debug */ = {
			isa = XCBuildConfiguration;
			buildSettings = {
				ALWAYS_SEARCH_USER_PATHS = NO;
				CLANG_ANALYZER_NONNULL = YES;
				CLANG_ANALYZER_NUMBER_OBJECT_CONVERSION = YES_AGGRESSIVE;
				CLANG_CXX_LANGUAGE_STANDARD = "gnu++14";
				CLANG_CXX_LIBRARY = "libc++";
				CLANG_ENABLE_MODULES = YES;
				CLANG_ENABLE_OBJC_ARC = YES;
				CLANG_ENABLE_OBJC_WEAK = YES;
				CLANG_WARN_BLOCK_CAPTURE_AUTORELEASING = YES;
				CLANG_WARN_BOOL_CONVERSION = YES;
				CLANG_WARN_COMMA = YES;
				CLANG_WARN_CONSTANT_CONVERSION = YES;
				CLANG_WARN_DEPRECATED_OBJC_IMPLEMENTATIONS = YES;
				CLANG_WARN_DIRECT_OBJC_ISA_USAGE = YES_ERROR;
				CLANG_WARN_DOCUMENTATION_COMMENTS = YES;
				CLANG_WARN_EMPTY_BODY = YES;
				CLANG_WARN_ENUM_CONVERSION = YES;
				CLANG_WARN_INFINITE_RECURSION = YES;
				CLANG_WARN_INT_CONVERSION = YES;
				CLANG_WARN_NON_LITERAL_NULL_CONVERSION = YES;
				CLANG_WARN_OBJC_IMPLICIT_RETAIN_SELF = YES;
				CLANG_WARN_OBJC_LITERAL_CONVERSION = YES;
				CLANG_WARN_OBJC_ROOT_CLASS = YES_ERROR;
				CLANG_WARN_RANGE_LOOP_ANALYSIS = YES;
				CLANG_WARN_STRICT_PROTOTYPES = YES;
				CLANG_WARN_SUSPICIOUS_MOVE = YES;
				CLANG_WARN_UNGUARDED_AVAILABILITY = YES_AGGRESSIVE;
				CLANG_WARN_UNREACHABLE_CODE = YES;
				CLANG_WARN__DUPLICATE_METHOD_MATCH = YES;
				CODE_SIGN_IDENTITY = "iPhone Developer";
				COPY_PHASE_STRIP = NO;
				DEBUG_INFORMATION_FORMAT = dwarf;
				ENABLE_STRICT_OBJC_MSGSEND = YES;
				ENABLE_TESTABILITY = YES;
				GCC_C_LANGUAGE_STANDARD = gnu11;
				GCC_DYNAMIC_NO_PIC = NO;
				GCC_NO_COMMON_BLOCKS = YES;
				GCC_OPTIMIZATION_LEVEL = 0;
				GCC_PREPROCESSOR_DEFINITIONS = (
					"DEBUG=1",
					"$(inherited)",
				);
				GCC_WARN_64_TO_32_BIT_CONVERSION = YES;
				GCC_WARN_ABOUT_RETURN_TYPE = YES_ERROR;
				GCC_WARN_UNDECLARED_SELECTOR = YES;
				GCC_WARN_UNINITIALIZED_AUTOS = YES_AGGRESSIVE;
				GCC_WARN_UNUSED_FUNCTION = YES;
				GCC_WARN_UNUSED_VARIABLE = YES;
				IPHONEOS_DEPLOYMENT_TARGET = 12.4;
				MTL_ENABLE_DEBUG_INFO = INCLUDE_SOURCE;
				MTL_FAST_MATH = YES;
				ONLY_ACTIVE_ARCH = YES;
				SDKROOT = iphoneos;
				SWIFT_ACTIVE_COMPILATION_CONDITIONS = DEBUG;
				SWIFT_OPTIMIZATION_LEVEL = "-Onone";
			};
			name = Debug;
		};
		59B3D091242B39FB00556132 /* Release */ = {
			isa = XCBuildConfiguration;
			buildSettings = {
				ALWAYS_SEARCH_USER_PATHS = NO;
				CLANG_ANALYZER_NONNULL = YES;
				CLANG_ANALYZER_NUMBER_OBJECT_CONVERSION = YES_AGGRESSIVE;
				CLANG_CXX_LANGUAGE_STANDARD = "gnu++14";
				CLANG_CXX_LIBRARY = "libc++";
				CLANG_ENABLE_MODULES = YES;
				CLANG_ENABLE_OBJC_ARC = YES;
				CLANG_ENABLE_OBJC_WEAK = YES;
				CLANG_WARN_BLOCK_CAPTURE_AUTORELEASING = YES;
				CLANG_WARN_BOOL_CONVERSION = YES;
				CLANG_WARN_COMMA = YES;
				CLANG_WARN_CONSTANT_CONVERSION = YES;
				CLANG_WARN_DEPRECATED_OBJC_IMPLEMENTATIONS = YES;
				CLANG_WARN_DIRECT_OBJC_ISA_USAGE = YES_ERROR;
				CLANG_WARN_DOCUMENTATION_COMMENTS = YES;
				CLANG_WARN_EMPTY_BODY = YES;
				CLANG_WARN_ENUM_CONVERSION = YES;
				CLANG_WARN_INFINITE_RECURSION = YES;
				CLANG_WARN_INT_CONVERSION = YES;
				CLANG_WARN_NON_LITERAL_NULL_CONVERSION = YES;
				CLANG_WARN_OBJC_IMPLICIT_RETAIN_SELF = YES;
				CLANG_WARN_OBJC_LITERAL_CONVERSION = YES;
				CLANG_WARN_OBJC_ROOT_CLASS = YES_ERROR;
				CLANG_WARN_RANGE_LOOP_ANALYSIS = YES;
				CLANG_WARN_STRICT_PROTOTYPES = YES;
				CLANG_WARN_SUSPICIOUS_MOVE = YES;
				CLANG_WARN_UNGUARDED_AVAILABILITY = YES_AGGRESSIVE;
				CLANG_WARN_UNREACHABLE_CODE = YES;
				CLANG_WARN__DUPLICATE_METHOD_MATCH = YES;
				CODE_SIGN_IDENTITY = "iPhone Developer";
				COPY_PHASE_STRIP = NO;
				DEBUG_INFORMATION_FORMAT = "dwarf-with-dsym";
				ENABLE_NS_ASSERTIONS = NO;
				ENABLE_STRICT_OBJC_MSGSEND = YES;
				GCC_C_LANGUAGE_STANDARD = gnu11;
				GCC_NO_COMMON_BLOCKS = YES;
				GCC_WARN_64_TO_32_BIT_CONVERSION = YES;
				GCC_WARN_ABOUT_RETURN_TYPE = YES_ERROR;
				GCC_WARN_UNDECLARED_SELECTOR = YES;
				GCC_WARN_UNINITIALIZED_AUTOS = YES_AGGRESSIVE;
				GCC_WARN_UNUSED_FUNCTION = YES;
				GCC_WARN_UNUSED_VARIABLE = YES;
				IPHONEOS_DEPLOYMENT_TARGET = 12.4;
				MTL_ENABLE_DEBUG_INFO = NO;
				MTL_FAST_MATH = YES;
				SDKROOT = iphoneos;
				SWIFT_COMPILATION_MODE = wholemodule;
				SWIFT_OPTIMIZATION_LEVEL = "-O";
				VALIDATE_PRODUCT = YES;
			};
			name = Release;
		};
		59B3D093242B39FB00556132 /* Debug */ = {
			isa = XCBuildConfiguration;
			buildSettings = {
				ASSETCATALOG_COMPILER_APPICON_NAME = AppIcon;
				CODE_SIGN_STYLE = Automatic;
				DEVELOPMENT_TEAM = U5PJN58KSH;
				INFOPLIST_FILE = HackerNews/Info.plist;
				LD_RUNPATH_SEARCH_PATHS = (
					"$(inherited)",
					"@executable_path/Frameworks",
				);
				PRODUCT_BUNDLE_IDENTIFIER = IgorDanilchenko.HackerNews;
				PRODUCT_NAME = "$(TARGET_NAME)";
				SWIFT_VERSION = 5.0;
				TARGETED_DEVICE_FAMILY = "1,2";
			};
			name = Debug;
		};
		59B3D094242B39FB00556132 /* Release */ = {
			isa = XCBuildConfiguration;
			buildSettings = {
				ASSETCATALOG_COMPILER_APPICON_NAME = AppIcon;
				CODE_SIGN_STYLE = Automatic;
				DEVELOPMENT_TEAM = U5PJN58KSH;
				INFOPLIST_FILE = HackerNews/Info.plist;
				LD_RUNPATH_SEARCH_PATHS = (
					"$(inherited)",
					"@executable_path/Frameworks",
				);
				PRODUCT_BUNDLE_IDENTIFIER = IgorDanilchenko.HackerNews;
				PRODUCT_NAME = "$(TARGET_NAME)";
				SWIFT_VERSION = 5.0;
				TARGETED_DEVICE_FAMILY = "1,2";
			};
			name = Release;
		};
/* End XCBuildConfiguration section */

/* Begin XCConfigurationList section */
		59B3D07B242B39F900556132 /* Build configuration list for PBXProject "HackerNews" */ = {
			isa = XCConfigurationList;
			buildConfigurations = (
				59B3D090242B39FB00556132 /* Debug */,
				59B3D091242B39FB00556132 /* Release */,
			);
			defaultConfigurationIsVisible = 0;
			defaultConfigurationName = Release;
		};
		59B3D092242B39FB00556132 /* Build configuration list for PBXNativeTarget "HackerNews" */ = {
			isa = XCConfigurationList;
			buildConfigurations = (
				59B3D093242B39FB00556132 /* Debug */,
				59B3D094242B39FB00556132 /* Release */,
			);
			defaultConfigurationIsVisible = 0;
			defaultConfigurationName = Release;
		};
/* End XCConfigurationList section */
	};
	rootObject = 59B3D078242B39F900556132 /* Project object */;
}
